
Microsoft Visual Studio Solution File, Format Version 9.00
# Visual Studio 2005
Project("{FAE04EC0-301F-11D3-BF4B-00C04F79EFBC}") = "TaleWorlds.Localization", "TaleWorlds.Localization.csproj", "{ACED44FE-2964-4997-A504-A808603A99E4}"
EndProject
Global
	GlobalSection(SolutionConfigurationPlatforms) = preSolution
		Debug|Any CPU = Debug|Any CPU
		Release|Any CPU = Release|Any CPU
	EndGlobalSection
	GlobalSection(ProjectConfigurationPlatforms) = postSolution
		{ACED44FE-2964-4997-A504-A808603A99E4}.Debug|Any CPU.ActiveCfg = Debug|Any CPU
		{ACED44FE-2964-4997-A504-A808603A99E4}.Debug|Any CPU.Build.0 = Debug|Any CPU
		{ACED44FE-2964-4997-A504-A808603A99E4}.Release|Any CPU.ActiveCfg = Release|Any CPU
		{ACED44FE-2964-4997-A504-A808603A99E4}.Release|Any CPU.Build.0 = Release|Any CPU
	EndGlobalSection
	GlobalSection(SolutionProperties) = preSolution
		HideSolutionNode = FALSE
	EndGlobalSection
EndGlobal
